// !$*UTF8*$!
{
	archiveVersion = 1;
	classes = {
	};
	objectVersion = 46;
	objects = {

/* Begin PBXBuildFile section */
		320D3F491C9D38AF00609013 /* HomeSubViewController.m in Sources */ = {isa = PBXBuildFile; fileRef = 320D3F481C9D38AF00609013 /* HomeSubViewController.m */; };
		328B7EF31C9C00A40059A360 /* main.m in Sources */ = {isa = PBXBuildFile; fileRef = 328B7EF21C9C00A40059A360 /* main.m */; };
		328B7EF61C9C00A40059A360 /* AppDelegate.m in Sources */ = {isa = PBXBuildFile; fileRef = 328B7EF51C9C00A40059A360 /* AppDelegate.m */; };
		328B7EFC1C9C00A40059A360 /* Main.storyboard in Resources */ = {isa = PBXBuildFile; fileRef = 328B7EFA1C9C00A40059A360 /* Main.storyboard */; };
		328B7EFE1C9C00A40059A360 /* Assets.xcassets in Resources */ = {isa = PBXBuildFile; fileRef = 328B7EFD1C9C00A40059A360 /* Assets.xcassets */; };
		328B7F011C9C00A40059A360 /* LaunchScreen.storyboard in Resources */ = {isa = PBXBuildFile; fileRef = 328B7EFF1C9C00A40059A360 /* LaunchScreen.storyboard */; };
		328B7F0A1C9C00CE0059A360 /* KYNavigationViewController.m in Sources */ = {isa = PBXBuildFile; fileRef = 328B7F091C9C00CE0059A360 /* KYNavigationViewController.m */; };
		328B7F0D1C9C01580059A360 /* HomeViewController.m in Sources */ = {isa = PBXBuildFile; fileRef = 328B7F0C1C9C01580059A360 /* HomeViewController.m */; };
		328B7F131C9C02250059A360 /* MessageViewController.m in Sources */ = {isa = PBXBuildFile; fileRef = 328B7F121C9C02250059A360 /* MessageViewController.m */; };
		328B7F161C9C02DA0059A360 /* DiscoverViewController.m in Sources */ = {isa = PBXBuildFile; fileRef = 328B7F151C9C02DA0059A360 /* DiscoverViewController.m */; };
		32B509861CA05F9B006D0602 /* UINavigationController+KY.m in Sources */ = {isa = PBXBuildFile; fileRef = 32B509851CA05F9B006D0602 /* UINavigationController+KY.m */; };
		32C0E7761C9FEE3700EF119D /* MessageSubViewController.m in Sources */ = {isa = PBXBuildFile; fileRef = 32C0E7751C9FEE3700EF119D /* MessageSubViewController.m */; };
		32C0E7791C9FF3BB00EF119D /* MessageDetailViewController.m in Sources */ = {isa = PBXBuildFile; fileRef = 32C0E7781C9FF3BB00EF119D /* MessageDetailViewController.m */; };
		32F5C2D01C9FC97B00E4072A /* LeftBarUIViewController.m in Sources */ = {isa = PBXBuildFile; fileRef = 32F5C2CF1C9FC97B00E4072A /* LeftBarUIViewController.m */; };
/* End PBXBuildFile section */

/* Begin PBXFileReference section */
		320D3F471C9D38AF00609013 /* HomeSubViewController.h */ = {isa = PBXFileReference; fileEncoding = 4; lastKnownFileType = sourcecode.c.h; path = HomeSubViewController.h; sourceTree = "<group>"; };
		320D3F481C9D38AF00609013 /* HomeSubViewController.m */ = {isa = PBXFileReference; fileEncoding = 4; lastKnownFileType = sourcecode.c.objc; path = HomeSubViewController.m; sourceTree = "<group>"; };
		328B7EEE1C9C00A40059A360 /* KYNavigationController.app */ = {isa = PBXFileReference; explicitFileType = wrapper.application; includeInIndex = 0; path = KYNavigationController.app; sourceTree = BUILT_PRODUCTS_DIR; };
		328B7EF21C9C00A40059A360 /* main.m */ = {isa = PBXFileReference; lastKnownFileType = sourcecode.c.objc; path = main.m; sourceTree = "<group>"; };
		328B7EF41C9C00A40059A360 /* AppDelegate.h */ = {isa = PBXFileReference; lastKnownFileType = sourcecode.c.h; path = AppDelegate.h; sourceTree = "<group>"; };
		328B7EF51C9C00A40059A360 /* AppDelegate.m */ = {isa = PBXFileReference; lastKnownFileType = sourcecode.c.objc; path = AppDelegate.m; sourceTree = "<group>"; };
		328B7EFB1C9C00A40059A360 /* Base */ = {isa = PBXFileReference; lastKnownFileType = file.storyboard; name = Base; path = Base.lproj/Main.storyboard; sourceTree = "<group>"; };
		328B7EFD1C9C00A40059A360 /* Assets.xcassets */ = {isa = PBXFileReference; lastKnownFileType = folder.assetcatalog; path = Assets.xcassets; sourceTree = "<group>"; };
		328B7F001C9C00A40059A360 /* Base */ = {isa = PBXFileReference; lastKnownFileType = file.storyboard; name = Base; path = Base.lproj/LaunchScreen.storyboard; sourceTree = "<group>"; };
		328B7F021C9C00A40059A360 /* Info.plist */ = {isa = PBXFileReference; lastKnownFileType = text.plist.xml; path = Info.plist; sourceTree = "<group>"; };
		328B7F081C9C00CE0059A360 /* KYNavigationViewController.h */ = {isa = PBXFileReference; fileEncoding = 4; lastKnownFileType = sourcecode.c.h; path = KYNavigationViewController.h; sourceTree = "<group>"; };
		328B7F091C9C00CE0059A360 /* KYNavigationViewController.m */ = {isa = PBXFileReference; fileEncoding = 4; lastKnownFileType = sourcecode.c.objc; path = KYNavigationViewController.m; sourceTree = "<group>"; };
		328B7F0B1C9C01580059A360 /* HomeViewController.h */ = {isa = PBXFileReference; fileEncoding = 4; lastKnownFileType = sourcecode.c.h; path = HomeViewController.h; sourceTree = "<group>"; };
		328B7F0C1C9C01580059A360 /* HomeViewController.m */ = {isa = PBXFileReference; fileEncoding = 4; lastKnownFileType = sourcecode.c.objc; path = HomeViewController.m; sourceTree = "<group>"; };
		328B7F111C9C02250059A360 /* MessageViewController.h */ = {isa = PBXFileReference; fileEncoding = 4; lastKnownFileType = sourcecode.c.h; path = MessageViewController.h; sourceTree = "<group>"; };
		328B7F121C9C02250059A360 /* MessageViewController.m */ = {isa = PBXFileReference; fileEncoding = 4; lastKnownFileType = sourcecode.c.objc; path = MessageViewController.m; sourceTree = "<group>"; };
		328B7F141C9C02DA0059A360 /* DiscoverViewController.h */ = {isa = PBXFileReference; fileEncoding = 4; lastKnownFileType = sourcecode.c.h; path = DiscoverViewController.h; sourceTree = "<group>"; };
		328B7F151C9C02DA0059A360 /* DiscoverViewController.m */ = {isa = PBXFileReference; fileEncoding = 4; lastKnownFileType = sourcecode.c.objc; path = DiscoverViewController.m; sourceTree = "<group>"; };
		32B509841CA05F9B006D0602 /* UINavigationController+KY.h */ = {isa = PBXFileReference; fileEncoding = 4; lastKnownFileType = sourcecode.c.h; path = "UINavigationController+KY.h"; sourceTree = "<group>"; };
		32B509851CA05F9B006D0602 /* UINavigationController+KY.m */ = {isa = PBXFileReference; fileEncoding = 4; lastKnownFileType = sourcecode.c.objc; path = "UINavigationController+KY.m"; sourceTree = "<group>"; };
		32C0E7741C9FEE3700EF119D /* MessageSubViewController.h */ = {isa = PBXFileReference; fileEncoding = 4; lastKnownFileType = sourcecode.c.h; path = MessageSubViewController.h; sourceTree = "<group>"; };
		32C0E7751C9FEE3700EF119D /* MessageSubViewController.m */ = {isa = PBXFileReference; fileEncoding = 4; lastKnownFileType = sourcecode.c.objc; path = MessageSubViewController.m; sourceTree = "<group>"; };
		32C0E7771C9FF3BB00EF119D /* MessageDetailViewController.h */ = {isa = PBXFileReference; fileEncoding = 4; lastKnownFileType = sourcecode.c.h; path = MessageDetailViewController.h; sourceTree = "<group>"; };
		32C0E7781C9FF3BB00EF119D /* MessageDetailViewController.m */ = {isa = PBXFileReference; fileEncoding = 4; lastKnownFileType = sourcecode.c.objc; path = MessageDetailViewController.m; sourceTree = "<group>"; };
		32F5C2CE1C9FC97B00E4072A /* LeftBarUIViewController.h */ = {isa = PBXFileReference; fileEncoding = 4; lastKnownFileType = sourcecode.c.h; path = LeftBarUIViewController.h; sourceTree = "<group>"; };
		32F5C2CF1C9FC97B00E4072A /* LeftBarUIViewController.m */ = {isa = PBXFileReference; fileEncoding = 4; lastKnownFileType = sourcecode.c.objc; path = LeftBarUIViewController.m; sourceTree = "<group>"; };
/* End PBXFileReference section */

/* Begin PBXFrameworksBuildPhase section */
		328B7EEB1C9C00A40059A360 /* Frameworks */ = {
			isa = PBXFrameworksBuildPhase;
			buildActionMask = 2147483647;
			files = (
			);
			runOnlyForDeploymentPostprocessing = 0;
		};
/* End PBXFrameworksBuildPhase section */

/* Begin PBXGroup section */
		328B7EE51C9C00A40059A360 = {
			isa = PBXGroup;
			children = (
				328B7EF01C9C00A40059A360 /* KYNavigationController */,
				328B7EEF1C9C00A40059A360 /* Products */,
			);
			sourceTree = "<group>";
		};
		328B7EEF1C9C00A40059A360 /* Products */ = {
			isa = PBXGroup;
			children = (
				328B7EEE1C9C00A40059A360 /* KYNavigationController.app */,
			);
			name = Products;
			sourceTree = "<group>";
		};
		328B7EF01C9C00A40059A360 /* KYNavigationController */ = {
			isa = PBXGroup;
			children = (
				328B7EF41C9C00A40059A360 /* AppDelegate.h */,
				328B7EF51C9C00A40059A360 /* AppDelegate.m */,
				328B7F0B1C9C01580059A360 /* HomeViewController.h */,
				328B7F0C1C9C01580059A360 /* HomeViewController.m */,
				320D3F471C9D38AF00609013 /* HomeSubViewController.h */,
				320D3F481C9D38AF00609013 /* HomeSubViewController.m */,
				32F5C2CE1C9FC97B00E4072A /* LeftBarUIViewController.h */,
				32F5C2CF1C9FC97B00E4072A /* LeftBarUIViewController.m */,
				328B7F141C9C02DA0059A360 /* DiscoverViewController.h */,
				328B7F151C9C02DA0059A360 /* DiscoverViewController.m */,
				328B7F111C9C02250059A360 /* MessageViewController.h */,
				328B7F121C9C02250059A360 /* MessageViewController.m */,
				32C0E7741C9FEE3700EF119D /* MessageSubViewController.h */,
				32C0E7751C9FEE3700EF119D /* MessageSubViewController.m */,
				32C0E7771C9FF3BB00EF119D /* MessageDetailViewController.h */,
				32C0E7781C9FF3BB00EF119D /* MessageDetailViewController.m */,
				328B7F081C9C00CE0059A360 /* KYNavigationViewController.h */,
				328B7F091C9C00CE0059A360 /* KYNavigationViewController.m */,
				32B509841CA05F9B006D0602 /* UINavigationController+KY.h */,
				32B509851CA05F9B006D0602 /* UINavigationController+KY.m */,
				328B7EFA1C9C00A40059A360 /* Main.storyboard */,
				328B7EFD1C9C00A40059A360 /* Assets.xcassets */,
				328B7EFF1C9C00A40059A360 /* LaunchScreen.storyboard */,
				328B7F021C9C00A40059A360 /* Info.plist */,
				328B7EF11C9C00A40059A360 /* Supporting Files */,
			);
			path = KYNavigationController;
			sourceTree = "<group>";
		};
		328B7EF11C9C00A40059A360 /* Supporting Files */ = {
			isa = PBXGroup;
			children = (
				328B7EF21C9C00A40059A360 /* main.m */,
			);
			name = "Supporting Files";
			sourceTree = "<group>";
		};
/* End PBXGroup section */

/* Begin PBXNativeTarget section */
		328B7EED1C9C00A40059A360 /* KYNavigationController */ = {
			isa = PBXNativeTarget;
			buildConfigurationList = 328B7F051C9C00A40059A360 /* Build configuration list for PBXNativeTarget "KYNavigationController" */;
			buildPhases = (
				328B7EEA1C9C00A40059A360 /* Sources */,
				328B7EEB1C9C00A40059A360 /* Frameworks */,
				328B7EEC1C9C00A40059A360 /* Resources */,
			);
			buildRules = (
			);
			dependencies = (
			);
			name = KYNavigationController;
			productName = KYNavigationController;
			productReference = 328B7EEE1C9C00A40059A360 /* KYNavigationController.app */;
			productType = "com.apple.product-type.application";
		};
/* End PBXNativeTarget section */

/* Begin PBXProject section */
		328B7EE61C9C00A40059A360 /* Project object */ = {
			isa = PBXProject;
			attributes = {
				LastUpgradeCheck = 0720;
				ORGANIZATIONNAME = KY;
				TargetAttributes = {
					328B7EED1C9C00A40059A360 = {
						CreatedOnToolsVersion = 7.2.1;
					};
				};
			};
			buildConfigurationList = 328B7EE91C9C00A40059A360 /* Build configuration list for PBXProject "KYNavigationController" */;
			compatibilityVersion = "Xcode 3.2";
			developmentRegion = English;
			hasScannedForEncodings = 0;
			knownRegions = (
				en,
				Base,
			);
			mainGroup = 328B7EE51C9C00A40059A360;
			productRefGroup = 328B7EEF1C9C00A40059A360 /* Products */;
			projectDirPath = "";
			projectRoot = "";
			targets = (
				328B7EED1C9C00A40059A360 /* KYNavigationController */,
			);
		};
/* End PBXProject section */

/* Begin PBXResourcesBuildPhase section */
		328B7EEC1C9C00A40059A360 /* Resources */ = {
			isa = PBXResourcesBuildPhase;
			buildActionMask = 2147483647;
			files = (
				328B7F011C9C00A40059A360 /* LaunchScreen.storyboard in Resources */,
				328B7EFE1C9C00A40059A360 /* Assets.xcassets in Resources */,
				328B7EFC1C9C00A40059A360 /* Main.storyboard in Resources */,
			);
			runOnlyForDeploymentPostprocessing = 0;
		};
/* End PBXResourcesBuildPhase section */

/* Begin PBXSourcesBuildPhase section */
		328B7EEA1C9C00A40059A360 /* Sources */ = {
			isa = PBXSourcesBuildPhase;
			buildActionMask = 2147483647;
			files = (
				328B7F131C9C02250059A360 /* MessageViewController.m in Sources */,
				32F5C2D01C9FC97B00E4072A /* LeftBarUIViewController.m in Sources */,
				320D3F491C9D38AF00609013 /* HomeSubViewController.m in Sources */,
				32B509861CA05F9B006D0602 /* UINavigationController+KY.m in Sources */,
				32C0E7791C9FF3BB00EF119D /* MessageDetailViewController.m in Sources */,
				328B7F161C9C02DA0059A360 /* DiscoverViewController.m in Sources */,
				328B7EF61C9C00A40059A360 /* AppDelegate.m in Sources */,
				32C0E7761C9FEE3700EF119D /* MessageSubViewController.m in Sources */,
				328B7F0A1C9C00CE0059A360 /* KYNavigationViewController.m in Sources */,
				328B7F0D1C9C01580059A360 /* HomeViewController.m in Sources */,
				328B7EF31C9C00A40059A360 /* main.m in Sources */,
			);
			runOnlyForDeploymentPostprocessing = 0;
		};
/* End PBXSourcesBuildPhase section */

/* Begin PBXVariantGroup section */
		328B7EFA1C9C00A40059A360 /* Main.storyboard */ = {
			isa = PBXVariantGroup;
			children = (
				328B7EFB1C9C00A40059A360 /* Base */,
			);
			name = Main.storyboard;
			sourceTree = "<group>";
		};
		328B7EFF1C9C00A40059A360 /* LaunchScreen.storyboard */ = {
			isa = PBXVariantGroup;
			children = (
				328B7F001C9C00A40059A360 /* Base */,
			);
			name = LaunchScreen.storyboard;
			sourceTree = "<group>";
		};
/* End PBXVariantGroup section */

/* Begin XCBuildConfiguration section */
		328B7F031C9C00A40059A360 /* Debug */ = {
			isa = XCBuildConfiguration;
			buildSettings = {
				ALWAYS_SEARCH_USER_PATHS = NO;
				CLANG_CXX_LANGUAGE_STANDARD = "gnu++0x";
				CLANG_CXX_LIBRARY = "libc++";
				CLANG_ENABLE_MODULES = YES;
				CLANG_ENABLE_OBJC_ARC = YES;
				CLANG_WARN_BOOL_CONVERSION = YES;
				CLANG_WARN_CONSTANT_CONVERSION = YES;
				CLANG_WARN_DIRECT_OBJC_ISA_USAGE = YES_ERROR;
				CLANG_WARN_EMPTY_BODY = YES;
				CLANG_WARN_ENUM_CONVERSION = YES;
				CLANG_WARN_INT_CONVERSION = YES;
				CLANG_WARN_OBJC_ROOT_CLASS = YES_ERROR;
				CLANG_WARN_UNREACHABLE_CODE = YES;
				CLANG_WARN__DUPLICATE_METHOD_MATCH = YES;
				"CODE_SIGN_IDENTITY[sdk=iphoneos*]" = "iPhone Developer";
				COPY_PHASE_STRIP = NO;
				DEBUG_INFORMATION_FORMAT = dwarf;
				ENABLE_STRICT_OBJC_MSGSEND = YES;
				ENABLE_TESTABILITY = YES;
				GCC_C_LANGUAGE_STANDARD = gnu99;
				GCC_DYNAMIC_NO_PIC = NO;
				GCC_NO_COMMON_BLOCKS = YES;
				GCC_OPTIMIZATION_LEVEL = 0;
				GCC_PREPROCESSOR_DEFINITIONS = (
					"DEBUG=1",
					"$(inherited)",
				);
				GCC_WARN_64_TO_32_BIT_CONVERSION = YES;
				GCC_WARN_ABOUT_RETURN_TYPE = YES_ERROR;
				GCC_WARN_UNDECLARED_SELECTOR = YES;
				GCC_WARN_UNINITIALIZED_AUTOS = YES_AGGRESSIVE;
				GCC_WARN_UNUSED_FUNCTION = YES;
				GCC_WARN_UNUSED_VARIABLE = YES;
				IPHONEOS_DEPLOYMENT_TARGET = 9.2;
				MTL_ENABLE_DEBUG_INFO = YES;
				ONLY_ACTIVE_ARCH = YES;
				SDKROOT = iphoneos;
				TARGETED_DEVICE_FAMILY = "1,2";
			};
			name = Debug;
		};
		328B7F041C9C00A40059A360 /* Release */ = {
			isa = XCBuildConfiguration;
			buildSettings = {
				ALWAYS_SEARCH_USER_PATHS = NO;
				CLANG_CXX_LANGUAGE_STANDARD = "gnu++0x";
				CLANG_CXX_LIBRARY = "libc++";
				CLANG_ENABLE_MODULES = YES;
				CLANG_ENABLE_OBJC_ARC = YES;
				CLANG_WARN_BOOL_CONVERSION = YES;
				CLANG_WARN_CONSTANT_CONVERSION = YES;
				CLANG_WARN_DIRECT_OBJC_ISA_USAGE = YES_ERROR;
				CLANG_WARN_EMPTY_BODY = YES;
				CLANG_WARN_ENUM_CONVERSION = YES;
				CLANG_WARN_INT_CONVERSION = YES;
				CLANG_WARN_OBJC_ROOT_CLASS = YES_ERROR;
				CLANG_WARN_UNREACHABLE_CODE = YES;
				CLANG_WARN__DUPLICATE_METHOD_MATCH = YES;
				"CODE_SIGN_IDENTITY[sdk=iphoneos*]" = "iPhone Developer";
				COPY_PHASE_STRIP = NO;
				DEBUG_INFORMATION_FORMAT = "dwarf-with-dsym";
				ENABLE_NS_ASSERTIONS = NO;
				ENABLE_STRICT_OBJC_MSGSEND = YES;
				GCC_C_LANGUAGE_STANDARD = gnu99;
				GCC_NO_COMMON_BLOCKS = YES;
				GCC_WARN_64_TO_32_BIT_CONVERSION = YES;
				GCC_WARN_ABOUT_RETURN_TYPE = YES_ERROR;
				GCC_WARN_UNDECLARED_SELECTOR = YES;
				GCC_WARN_UNINITIALIZED_AUTOS = YES_AGGRESSIVE;
				GCC_WARN_UNUSED_FUNCTION = YES;
				GCC_WARN_UNUSED_VARIABLE = YES;
				IPHONEOS_DEPLOYMENT_TARGET = 9.2;
				MTL_ENABLE_DEBUG_INFO = NO;
				SDKROOT = iphoneos;
				TARGETED_DEVICE_FAMILY = "1,2";
				VALIDATE_PRODUCT = YES;
			};
			name = Release;
		};
		328B7F061C9C00A40059A360 /* Debug */ = {
			isa = XCBuildConfiguration;
			buildSettings = {
				ASSETCATALOG_COMPILER_APPICON_NAME = AppIcon;
				INFOPLIST_FILE = KYNavigationController/Info.plist;
				IPHONEOS_DEPLOYMENT_TARGET = 8.1;
				LD_RUNPATH_SEARCH_PATHS = "$(inherited) @executable_path/Frameworks";
				PRODUCT_BUNDLE_IDENTIFIER = KY.KYNavigationController;
				PRODUCT_NAME = "$(TARGET_NAME)";
			};
			name = Debug;
		};
		328B7F071C9C00A40059A360 /* Release */ = {
			isa = XCBuildConfiguration;
			buildSettings = {
				ASSETCATALOG_COMPILER_APPICON_NAME = AppIcon;
				INFOPLIST_FILE = KYNavigationController/Info.plist;
				IPHONEOS_DEPLOYMENT_TARGET = 8.1;
				LD_RUNPATH_SEARCH_PATHS = "$(inherited) @executable_path/Frameworks";
				PRODUCT_BUNDLE_IDENTIFIER = KY.KYNavigationController;
				PRODUCT_NAME = "$(TARGET_NAME)";
			};
			name = Release;
		};
/* End XCBuildConfiguration section */

/* Begin XCConfigurationList section */
		328B7EE91C9C00A40059A360 /* Build configuration list for PBXProject "KYNavigationController" */ = {
			isa = XCConfigurationList;
			buildConfigurations = (
				328B7F031C9C00A40059A360 /* Debug */,
				328B7F041C9C00A40059A360 /* Release */,
			);
			defaultConfigurationIsVisible = 0;
			defaultConfigurationName = Release;
		};
		328B7F051C9C00A40059A360 /* Build configuration list for PBXNativeTarget "KYNavigationController" */ = {
			isa = XCConfigurationList;
			buildConfigurations = (
				328B7F061C9C00A40059A360 /* Debug */,
				328B7F071C9C00A40059A360 /* Release */,
			);
			defaultConfigurationIsVisible = 0;
			defaultConfigurationName = Release;
		};
/* End XCConfigurationList section */
	};
	rootObject = 328B7EE61C9C00A40059A360 /* Project object */;
}
